{
    "requires": true,
    "lockfileVersion": 1,
    "dependencies": {
        "bootstrap-icons": {
            "version": "1.0.0-alpha5",
            "resolved": "https://registry.npmjs.org/bootstrap-icons/-/bootstrap-icons-1.0.0-alpha5.tgz",
            "integrity": "sha512-sQp4UESHOpN7UlkEUJmY4G8gmU4beTCv24azmOtN1vMSWTOuUZttB0269RD93JIjd4KmWb93MJaXjC6cAV5jiQ=="
        },
        "lodash": {
            "version": "4.17.15",
            "resolved": "https://registry.npmjs.org/lodash/-/lodash-4.17.15.tgz",
            "integrity": "sha512-8xOcRHvCjnocdS5cpwXQXVzmmh5e5+saE2QGoeQmbKmRS6J3VQppPOIt0MnmE+4xlZoumy0GPG0D0MVIQbNA1A=="
        },
        "tailwindcss-typography": {
            "version": "2.2.0",
            "resolved": "https://registry.npmjs.org/tailwindcss-typography/-/tailwindcss-typography-2.2.0.tgz",
            "integrity": "sha512-/v+G9iXkR6Vfj7N2D8bWKrV+kh7mKxDpoTC/RX4+O5mxcJ/Jmep98MJe2Uh9uxHrH4Hh27qeOME7vtJBjpn6iA==",
            "requires": {
                "lodash": "^4.17.15"
            }
        }
    }
}
